<?xml version="1.0" encoding="utf-8"?>
<Project ToolsVersion="15.0" xmlns="http://schemas.microsoft.com/developer/msbuild/2003">
  <ItemGroup>
    <Filter Include="src">
      <UniqueIdentifier>{2DAB880B-99B4-887C-2230-9F7C8E38947C}</UniqueIdentifier>
    </Filter>
    <Filter Include="src\mame">
      <UniqueIdentifier>{09EE61D2-F5BA-BCDD-1ED4-AA850A00F26B}</UniqueIdentifier>
    </Filter>
    <Filter Include="src\mame\drivers">
      <UniqueIdentifier>{64B9D277-50B2-F1C9-79E4-D64E653CD1D5}</UniqueIdentifier>
    </Filter>
    <Filter Include="src\mame\audio">
      <UniqueIdentifier>{3753208E-2321-1494-0CB5-84BAF821F0F8}</UniqueIdentifier>
    </Filter>
    <Filter Include="src\mame\machine">
      <UniqueIdentifier>{9AF98204-86F2-A156-AF24-87DB9B7C8162}</UniqueIdentifier>
    </Filter>
  </ItemGroup>
  <ItemGroup>
    <ClInclude Include="..\..\..\..\..\src\mame\audio\bu3905.h">
      <Filter>src\mame\audio</Filter>
    </ClInclude>
    <ClInclude Include="..\..\..\..\..\src\mame\audio\jx8p_synth.h">
      <Filter>src\mame\audio</Filter>
    </ClInclude>
    <ClInclude Include="..\..\..\..\..\src\mame\audio\mb63h114.h">
      <Filter>src\mame\audio</Filter>
    </ClInclude>
    <ClInclude Include="..\..\..\..\..\src\mame\audio\sa16.h">
      <Filter>src\mame\audio</Filter>
    </ClInclude>
    <ClInclude Include="..\..\..\..\..\src\mame\machine\mb62h195.h">
      <Filter>src\mame\machine</Filter>
    </ClInclude>
    <ClInclude Include="..\..\..\..\..\src\mame\machine\mb63h149.h">
      <Filter>src\mame\machine</Filter>
    </ClInclude>
    <ClInclude Include="..\..\..\..\..\src\mame\machine\mb87013.h">
      <Filter>src\mame\machine</Filter>
    </ClInclude>
    <ClInclude Include="..\..\..\..\..\src\mame\machine\pg200.h">
      <Filter>src\mame\machine</Filter>
    </ClInclude>
  </ItemGroup>
  <ItemGroup>
    <ClCompile Include="..\..\..\..\..\src\mame\drivers\alphajuno.cpp">
      <Filter>src\mame\drivers</Filter>
    </ClCompile>
    <ClCompile Include="..\..\..\..\..\src\mame\drivers\boss_se70.cpp">
      <Filter>src\mame\drivers</Filter>
    </ClCompile>
    <ClCompile Include="..\..\..\..\..\src\mame\drivers\boss_sx700.cpp">
      <Filter>src\mame\drivers</Filter>
    </ClCompile>
    <ClCompile Include="..\..\..\..\..\src\mame\drivers\juno106.cpp">
      <Filter>src\mame\drivers</Filter>
    </ClCompile>
    <ClCompile Include="..\..\..\..\..\src\mame\drivers\juno6.cpp">
      <Filter>src\mame\drivers</Filter>
    </ClCompile>
    <ClCompile Include="..\..\..\..\..\src\mame\drivers\roland_cm32p.cpp">
      <Filter>src\mame\drivers</Filter>
    </ClCompile>
    <ClCompile Include="..\..\..\..\..\src\mame\drivers\roland_d10.cpp">
      <Filter>src\mame\drivers</Filter>
    </ClCompile>
    <ClCompile Include="..\..\..\..\..\src\mame\drivers\roland_d50.cpp">
      <Filter>src\mame\drivers</Filter>
    </ClCompile>
    <ClCompile Include="..\..\..\..\..\src\mame\drivers\roland_jd800.cpp">
      <Filter>src\mame\drivers</Filter>
    </ClCompile>
    <ClCompile Include="..\..\..\..\..\src\mame\drivers\roland_jv80.cpp">
      <Filter>src\mame\drivers</Filter>
    </ClCompile>
    <ClCompile Include="..\..\..\..\..\src\mame\drivers\roland_jx3p.cpp">
      <Filter>src\mame\drivers</Filter>
    </ClCompile>
    <ClCompile Include="..\..\..\..\..\src\mame\drivers\roland_jx8p.cpp">
      <Filter>src\mame\drivers</Filter>
    </ClCompile>
    <ClCompile Include="..\..\..\..\..\src\mame\drivers\roland_mc50.cpp">
      <Filter>src\mame\drivers</Filter>
    </ClCompile>
    <ClCompile Include="..\..\..\..\..\src\mame\drivers\roland_mt32.cpp">
      <Filter>src\mame\drivers</Filter>
    </ClCompile>
    <ClCompile Include="..\..\..\..\..\src\mame\drivers\roland_pr100.cpp">
      <Filter>src\mame\drivers</Filter>
    </ClCompile>
    <ClCompile Include="..\..\..\..\..\src\mame\drivers\roland_r8.cpp">
      <Filter>src\mame\drivers</Filter>
    </ClCompile>
    <ClCompile Include="..\..\..\..\..\src\mame\drivers\roland_ra30.cpp">
      <Filter>src\mame\drivers</Filter>
    </ClCompile>
    <ClCompile Include="..\..\..\..\..\src\mame\drivers\roland_s10.cpp">
      <Filter>src\mame\drivers</Filter>
    </ClCompile>
    <ClCompile Include="..\..\..\..\..\src\mame\drivers\roland_s50.cpp">
      <Filter>src\mame\drivers</Filter>
    </ClCompile>
    <ClCompile Include="..\..\..\..\..\src\mame\drivers\roland_sc55.cpp">
      <Filter>src\mame\drivers</Filter>
    </ClCompile>
    <ClCompile Include="..\..\..\..\..\src\mame\drivers\roland_sc88.cpp">
      <Filter>src\mame\drivers</Filter>
    </ClCompile>
    <ClCompile Include="..\..\..\..\..\src\mame\drivers\roland_tb303.cpp">
      <Filter>src\mame\drivers</Filter>
    </ClCompile>
    <ClCompile Include="..\..\..\..\..\src\mame\drivers\roland_tr505.cpp">
      <Filter>src\mame\drivers</Filter>
    </ClCompile>
    <ClCompile Include="..\..\..\..\..\src\mame\drivers\roland_tr606.cpp">
      <Filter>src\mame\drivers</Filter>
    </ClCompile>
    <ClCompile Include="..\..\..\..\..\src\mame\drivers\roland_tr707.cpp">
      <Filter>src\mame\drivers</Filter>
    </ClCompile>
    <ClCompile Include="..\..\..\..\..\src\mame\drivers\roland_tr909.cpp">
      <Filter>src\mame\drivers</Filter>
    </ClCompile>
    <ClCompile Include="..\..\..\..\..\src\mame\drivers\roland_u20.cpp">
      <Filter>src\mame\drivers</Filter>
    </ClCompile>
    <ClCompile Include="..\..\..\..\..\src\mame\audio\bu3905.cpp">
      <Filter>src\mame\audio</Filter>
    </ClCompile>
    <ClCompile Include="..\..\..\..\..\src\mame\audio\jx8p_synth.cpp">
      <Filter>src\mame\audio</Filter>
    </ClCompile>
    <ClCompile Include="..\..\..\..\..\src\mame\audio\mb63h114.cpp">
      <Filter>src\mame\audio</Filter>
    </ClCompile>
    <ClCompile Include="..\..\..\..\..\src\mame\audio\sa16.cpp">
      <Filter>src\mame\audio</Filter>
    </ClCompile>
    <ClCompile Include="..\..\..\..\..\src\mame\machine\mb62h195.cpp">
      <Filter>src\mame\machine</Filter>
    </ClCompile>
    <ClCompile Include="..\..\..\..\..\src\mame\machine\mb63h149.cpp">
      <Filter>src\mame\machine</Filter>
    </ClCompile>
    <ClCompile Include="..\..\..\..\..\src\mame\machine\mb87013.cpp">
      <Filter>src\mame\machine</Filter>
    </ClCompile>
    <ClCompile Include="..\..\..\..\..\src\mame\machine\pg200.cpp">
      <Filter>src\mame\machine</Filter>
    </ClCompile>
  </ItemGroup>
</Project>
