<?xml version="1.0" encoding="utf-8"?>
<Project ToolsVersion="15.0" xmlns="http://schemas.microsoft.com/developer/msbuild/2003">
  <ItemGroup>
    <Filter Include="src">
      <UniqueIdentifier>{2DAB880B-99B4-887C-2230-9F7C8E38947C}</UniqueIdentifier>
    </Filter>
    <Filter Include="src\mame">
      <UniqueIdentifier>{09EE61D2-F5BA-BCDD-1ED4-AA850A00F26B}</UniqueIdentifier>
    </Filter>
    <Filter Include="src\mame\drivers">
      <UniqueIdentifier>{64B9D277-50B2-F1C9-79E4-D64E653CD1D5}</UniqueIdentifier>
    </Filter>
    <Filter Include="src\mame\includes">
      <UniqueIdentifier>{9CBBDECC-08D2-DC62-5149-6884BD9EADEA}</UniqueIdentifier>
    </Filter>
    <Filter Include="src\mame\machine">
      <UniqueIdentifier>{9AF98204-86F2-A156-AF24-87DB9B7C8162}</UniqueIdentifier>
    </Filter>
  </ItemGroup>
  <ItemGroup>
    <ClInclude Include="..\..\..\..\..\src\mame\includes\dccons.h">
      <Filter>src\mame\includes</Filter>
    </ClInclude>
    <ClInclude Include="..\..\..\..\..\src\mame\machine\gdrom.h">
      <Filter>src\mame\machine</Filter>
    </ClInclude>
    <ClInclude Include="..\..\..\..\..\src\mame\includes\megadriv.h">
      <Filter>src\mame\includes</Filter>
    </ClInclude>
    <ClInclude Include="..\..\..\..\..\src\mame\includes\megadriv_rad.h">
      <Filter>src\mame\includes</Filter>
    </ClInclude>
    <ClInclude Include="..\..\..\..\..\src\mame\includes\sg1000.h">
      <Filter>src\mame\includes</Filter>
    </ClInclude>
    <ClInclude Include="..\..\..\..\..\src\mame\includes\sms.h">
      <Filter>src\mame\includes</Filter>
    </ClInclude>
    <ClInclude Include="..\..\..\..\..\src\mame\machine\mega32x.h">
      <Filter>src\mame\machine</Filter>
    </ClInclude>
    <ClInclude Include="..\..\..\..\..\src\mame\machine\megacd.h">
      <Filter>src\mame\machine</Filter>
    </ClInclude>
    <ClInclude Include="..\..\..\..\..\src\mame\machine\megacdcd.h">
      <Filter>src\mame\machine</Filter>
    </ClInclude>
  </ItemGroup>
  <ItemGroup>
    <ClCompile Include="..\..\..\..\..\src\mame\drivers\dccons.cpp">
      <Filter>src\mame\drivers</Filter>
    </ClCompile>
    <ClCompile Include="..\..\..\..\..\src\mame\machine\dccons.cpp">
      <Filter>src\mame\machine</Filter>
    </ClCompile>
    <ClCompile Include="..\..\..\..\..\src\mame\machine\gdrom.cpp">
      <Filter>src\mame\machine</Filter>
    </ClCompile>
    <ClCompile Include="..\..\..\..\..\src\mame\drivers\megadriv.cpp">
      <Filter>src\mame\drivers</Filter>
    </ClCompile>
    <ClCompile Include="..\..\..\..\..\src\mame\drivers\megadriv_rad.cpp">
      <Filter>src\mame\drivers</Filter>
    </ClCompile>
    <ClCompile Include="..\..\..\..\..\src\mame\drivers\megadriv_vt_hybrid.cpp">
      <Filter>src\mame\drivers</Filter>
    </ClCompile>
    <ClCompile Include="..\..\..\..\..\src\mame\drivers\megadriv_sunplus_hybrid.cpp">
      <Filter>src\mame\drivers</Filter>
    </ClCompile>
    <ClCompile Include="..\..\..\..\..\src\mame\drivers\segapico.cpp">
      <Filter>src\mame\drivers</Filter>
    </ClCompile>
    <ClCompile Include="..\..\..\..\..\src\mame\drivers\sega_sawatte.cpp">
      <Filter>src\mame\drivers</Filter>
    </ClCompile>
    <ClCompile Include="..\..\..\..\..\src\mame\drivers\sega_beena.cpp">
      <Filter>src\mame\drivers</Filter>
    </ClCompile>
    <ClCompile Include="..\..\..\..\..\src\mame\drivers\segapm.cpp">
      <Filter>src\mame\drivers</Filter>
    </ClCompile>
    <ClCompile Include="..\..\..\..\..\src\mame\drivers\sg1000.cpp">
      <Filter>src\mame\drivers</Filter>
    </ClCompile>
    <ClCompile Include="..\..\..\..\..\src\mame\drivers\sms.cpp">
      <Filter>src\mame\drivers</Filter>
    </ClCompile>
    <ClCompile Include="..\..\..\..\..\src\mame\machine\sms.cpp">
      <Filter>src\mame\machine</Filter>
    </ClCompile>
    <ClCompile Include="..\..\..\..\..\src\mame\drivers\svmu.cpp">
      <Filter>src\mame\drivers</Filter>
    </ClCompile>
    <ClCompile Include="..\..\..\..\..\src\mame\machine\mega32x.cpp">
      <Filter>src\mame\machine</Filter>
    </ClCompile>
    <ClCompile Include="..\..\..\..\..\src\mame\machine\megacd.cpp">
      <Filter>src\mame\machine</Filter>
    </ClCompile>
    <ClCompile Include="..\..\..\..\..\src\mame\machine\megacdcd.cpp">
      <Filter>src\mame\machine</Filter>
    </ClCompile>
  </ItemGroup>
</Project>
