<?xml version="1.0" encoding="utf-8"?>
<Project ToolsVersion="15.0" xmlns="http://schemas.microsoft.com/developer/msbuild/2003">
  <ItemGroup>
    <Filter Include="src">
      <UniqueIdentifier>{2DAB880B-99B4-887C-2230-9F7C8E38947C}</UniqueIdentifier>
    </Filter>
    <Filter Include="src\mame">
      <UniqueIdentifier>{09EE61D2-F5BA-BCDD-1ED4-AA850A00F26B}</UniqueIdentifier>
    </Filter>
    <Filter Include="src\mame\drivers">
      <UniqueIdentifier>{64B9D277-50B2-F1C9-79E4-D64E653CD1D5}</UniqueIdentifier>
    </Filter>
    <Filter Include="src\mame\machine">
      <UniqueIdentifier>{9AF98204-86F2-A156-AF24-87DB9B7C8162}</UniqueIdentifier>
    </Filter>
    <Filter Include="src\mame\video">
      <UniqueIdentifier>{BCC0958F-A88E-8995-9122-FABB7D8F65FA}</UniqueIdentifier>
    </Filter>
  </ItemGroup>
  <ItemGroup>
    <ClInclude Include="..\..\..\..\..\src\mame\machine\vino.h">
      <Filter>src\mame\machine</Filter>
    </ClInclude>
    <ClInclude Include="..\..\..\..\..\src\mame\machine\saa7191.h">
      <Filter>src\mame\machine</Filter>
    </ClInclude>
    <ClInclude Include="..\..\..\..\..\src\mame\machine\sgi.h">
      <Filter>src\mame\machine</Filter>
    </ClInclude>
    <ClInclude Include="..\..\..\..\..\src\mame\machine\hal2.h">
      <Filter>src\mame\machine</Filter>
    </ClInclude>
    <ClInclude Include="..\..\..\..\..\src\mame\machine\hpc1.h">
      <Filter>src\mame\machine</Filter>
    </ClInclude>
    <ClInclude Include="..\..\..\..\..\src\mame\machine\hpc3.h">
      <Filter>src\mame\machine</Filter>
    </ClInclude>
    <ClInclude Include="..\..\..\..\..\src\mame\machine\ioc2.h">
      <Filter>src\mame\machine</Filter>
    </ClInclude>
    <ClInclude Include="..\..\..\..\..\src\mame\machine\mace.h">
      <Filter>src\mame\machine</Filter>
    </ClInclude>
    <ClInclude Include="..\..\..\..\..\src\mame\video\light.h">
      <Filter>src\mame\video</Filter>
    </ClInclude>
    <ClInclude Include="..\..\..\..\..\src\mame\video\crime.h">
      <Filter>src\mame\video</Filter>
    </ClInclude>
    <ClInclude Include="..\..\..\..\..\src\mame\video\sgi_gr1.h">
      <Filter>src\mame\video</Filter>
    </ClInclude>
    <ClInclude Include="..\..\..\..\..\src\mame\video\sgi_ge5.h">
      <Filter>src\mame\video</Filter>
    </ClInclude>
    <ClInclude Include="..\..\..\..\..\src\mame\video\sgi_re2.h">
      <Filter>src\mame\video</Filter>
    </ClInclude>
    <ClInclude Include="..\..\..\..\..\src\mame\video\sgi_xmap2.h">
      <Filter>src\mame\video</Filter>
    </ClInclude>
  </ItemGroup>
  <ItemGroup>
    <ClCompile Include="..\..\..\..\..\src\mame\drivers\iris_power.cpp">
      <Filter>src\mame\drivers</Filter>
    </ClCompile>
    <ClCompile Include="..\..\..\..\..\src\mame\drivers\crimson.cpp">
      <Filter>src\mame\drivers</Filter>
    </ClCompile>
    <ClCompile Include="..\..\..\..\..\src\mame\drivers\o2.cpp">
      <Filter>src\mame\drivers</Filter>
    </ClCompile>
    <ClCompile Include="..\..\..\..\..\src\mame\drivers\octane.cpp">
      <Filter>src\mame\drivers</Filter>
    </ClCompile>
    <ClCompile Include="..\..\..\..\..\src\mame\machine\vino.cpp">
      <Filter>src\mame\machine</Filter>
    </ClCompile>
    <ClCompile Include="..\..\..\..\..\src\mame\machine\saa7191.cpp">
      <Filter>src\mame\machine</Filter>
    </ClCompile>
    <ClCompile Include="..\..\..\..\..\src\mame\machine\sgi.cpp">
      <Filter>src\mame\machine</Filter>
    </ClCompile>
    <ClCompile Include="..\..\..\..\..\src\mame\machine\hal2.cpp">
      <Filter>src\mame\machine</Filter>
    </ClCompile>
    <ClCompile Include="..\..\..\..\..\src\mame\machine\hpc1.cpp">
      <Filter>src\mame\machine</Filter>
    </ClCompile>
    <ClCompile Include="..\..\..\..\..\src\mame\machine\hpc3.cpp">
      <Filter>src\mame\machine</Filter>
    </ClCompile>
    <ClCompile Include="..\..\..\..\..\src\mame\machine\ioc2.cpp">
      <Filter>src\mame\machine</Filter>
    </ClCompile>
    <ClCompile Include="..\..\..\..\..\src\mame\machine\mace.cpp">
      <Filter>src\mame\machine</Filter>
    </ClCompile>
    <ClCompile Include="..\..\..\..\..\src\mame\drivers\iris3130.cpp">
      <Filter>src\mame\drivers</Filter>
    </ClCompile>
    <ClCompile Include="..\..\..\..\..\src\mame\drivers\4dpi.cpp">
      <Filter>src\mame\drivers</Filter>
    </ClCompile>
    <ClCompile Include="..\..\..\..\..\src\mame\drivers\indigo.cpp">
      <Filter>src\mame\drivers</Filter>
    </ClCompile>
    <ClCompile Include="..\..\..\..\..\src\mame\drivers\indy_indigo2.cpp">
      <Filter>src\mame\drivers</Filter>
    </ClCompile>
    <ClCompile Include="..\..\..\..\..\src\mame\video\light.cpp">
      <Filter>src\mame\video</Filter>
    </ClCompile>
    <ClCompile Include="..\..\..\..\..\src\mame\video\crime.cpp">
      <Filter>src\mame\video</Filter>
    </ClCompile>
    <ClCompile Include="..\..\..\..\..\src\mame\video\sgi_gr1.cpp">
      <Filter>src\mame\video</Filter>
    </ClCompile>
    <ClCompile Include="..\..\..\..\..\src\mame\video\sgi_ge5.cpp">
      <Filter>src\mame\video</Filter>
    </ClCompile>
    <ClCompile Include="..\..\..\..\..\src\mame\video\sgi_re2.cpp">
      <Filter>src\mame\video</Filter>
    </ClCompile>
    <ClCompile Include="..\..\..\..\..\src\mame\video\sgi_xmap2.cpp">
      <Filter>src\mame\video</Filter>
    </ClCompile>
  </ItemGroup>
</Project>
