<?xml version="1.0" encoding="utf-8"?>
<Project ToolsVersion="15.0" xmlns="http://schemas.microsoft.com/developer/msbuild/2003">
  <ItemGroup>
    <Filter Include="src">
      <UniqueIdentifier>{2DAB880B-99B4-887C-2230-9F7C8E38947C}</UniqueIdentifier>
    </Filter>
    <Filter Include="src\mame">
      <UniqueIdentifier>{09EE61D2-F5BA-BCDD-1ED4-AA850A00F26B}</UniqueIdentifier>
    </Filter>
    <Filter Include="src\mame\drivers">
      <UniqueIdentifier>{64B9D277-50B2-F1C9-79E4-D64E653CD1D5}</UniqueIdentifier>
    </Filter>
    <Filter Include="src\mame\machine">
      <UniqueIdentifier>{9AF98204-86F2-A156-AF24-87DB9B7C8162}</UniqueIdentifier>
    </Filter>
    <Filter Include="src\mame\includes">
      <UniqueIdentifier>{9CBBDECC-08D2-DC62-5149-6884BD9EADEA}</UniqueIdentifier>
    </Filter>
    <Filter Include="src\mame\video">
      <UniqueIdentifier>{BCC0958F-A88E-8995-9122-FABB7D8F65FA}</UniqueIdentifier>
    </Filter>
  </ItemGroup>
  <ItemGroup>
    <ClInclude Include="..\..\..\..\..\src\mame\machine\ampex210_kbd.h">
      <Filter>src\mame\machine</Filter>
    </ClInclude>
    <ClInclude Include="..\..\..\..\..\src\mame\includes\aussiebyte.h">
      <Filter>src\mame\includes</Filter>
    </ClInclude>
    <ClInclude Include="..\..\..\..\..\src\mame\machine\basf7100_kbd.h">
      <Filter>src\mame\machine</Filter>
    </ClInclude>
    <ClInclude Include="..\..\..\..\..\src\mame\includes\busicom.h">
      <Filter>src\mame\includes</Filter>
    </ClInclude>
    <ClInclude Include="..\..\..\..\..\src\mame\includes\cosmicos.h">
      <Filter>src\mame\includes</Filter>
    </ClInclude>
    <ClInclude Include="..\..\..\..\..\src\mame\includes\cxhumax.h">
      <Filter>src\mame\includes</Filter>
    </ClInclude>
    <ClInclude Include="..\..\..\..\..\src\mame\includes\dm7000.h">
      <Filter>src\mame\includes</Filter>
    </ClInclude>
    <ClInclude Include="..\..\..\..\..\src\mame\machine\dmv_keyb.h">
      <Filter>src\mame\machine</Filter>
    </ClInclude>
    <ClInclude Include="..\..\..\..\..\src\mame\machine\itt1700_kbd.h">
      <Filter>src\mame\machine</Filter>
    </ClInclude>
    <ClInclude Include="..\..\..\..\..\src\mame\includes\micronic.h">
      <Filter>src\mame\includes</Filter>
    </ClInclude>
    <ClInclude Include="..\..\..\..\..\src\mame\machine\nl_hazelvid.h">
      <Filter>src\mame\machine</Filter>
    </ClInclude>
    <ClInclude Include="..\..\..\..\..\src\mame\machine\ngen_kb.h">
      <Filter>src\mame\machine</Filter>
    </ClInclude>
    <ClInclude Include="..\..\..\..\..\src\mame\includes\softbox.h">
      <Filter>src\mame\includes</Filter>
    </ClInclude>
    <ClInclude Include="..\..\..\..\..\src\mame\includes\vp415.h">
      <Filter>src\mame\includes</Filter>
    </ClInclude>
    <ClInclude Include="..\..\..\..\..\src\mame\includes\xor100.h">
      <Filter>src\mame\includes</Filter>
    </ClInclude>
    <ClInclude Include="..\..\..\..\..\src\mame\includes\zorba.h">
      <Filter>src\mame\includes</Filter>
    </ClInclude>
    <ClInclude Include="..\..\..\..\..\src\mame\machine\zorbakbd.h">
      <Filter>src\mame\machine</Filter>
    </ClInclude>
  </ItemGroup>
  <ItemGroup>
    <ClCompile Include="..\..\..\..\..\src\mame\drivers\aaa.cpp">
      <Filter>src\mame\drivers</Filter>
    </ClCompile>
    <ClCompile Include="..\..\..\..\..\src\mame\drivers\acd.cpp">
      <Filter>src\mame\drivers</Filter>
    </ClCompile>
    <ClCompile Include="..\..\..\..\..\src\mame\drivers\aceex.cpp">
      <Filter>src\mame\drivers</Filter>
    </ClCompile>
    <ClCompile Include="..\..\..\..\..\src\mame\drivers\adacp150.cpp">
      <Filter>src\mame\drivers</Filter>
    </ClCompile>
    <ClCompile Include="..\..\..\..\..\src\mame\drivers\aid80f.cpp">
      <Filter>src\mame\drivers</Filter>
    </ClCompile>
    <ClCompile Include="..\..\..\..\..\src\mame\drivers\alcat7100.cpp">
      <Filter>src\mame\drivers</Filter>
    </ClCompile>
    <ClCompile Include="..\..\..\..\..\src\mame\drivers\alesis_qs.cpp">
      <Filter>src\mame\drivers</Filter>
    </ClCompile>
    <ClCompile Include="..\..\..\..\..\src\mame\drivers\alfaskop41xx.cpp">
      <Filter>src\mame\drivers</Filter>
    </ClCompile>
    <ClCompile Include="..\..\..\..\..\src\mame\drivers\alphasma.cpp">
      <Filter>src\mame\drivers</Filter>
    </ClCompile>
    <ClCompile Include="..\..\..\..\..\src\mame\drivers\alphasma3k.cpp">
      <Filter>src\mame\drivers</Filter>
    </ClCompile>
    <ClCompile Include="..\..\..\..\..\src\mame\drivers\am1000.cpp">
      <Filter>src\mame\drivers</Filter>
    </ClCompile>
    <ClCompile Include="..\..\..\..\..\src\mame\drivers\ampex.cpp">
      <Filter>src\mame\drivers</Filter>
    </ClCompile>
    <ClCompile Include="..\..\..\..\..\src\mame\drivers\ampex210.cpp">
      <Filter>src\mame\drivers</Filter>
    </ClCompile>
    <ClCompile Include="..\..\..\..\..\src\mame\machine\ampex210_kbd.cpp">
      <Filter>src\mame\machine</Filter>
    </ClCompile>
    <ClCompile Include="..\..\..\..\..\src\mame\drivers\ampscarp.cpp">
      <Filter>src\mame\drivers</Filter>
    </ClCompile>
    <ClCompile Include="..\..\..\..\..\src\mame\drivers\amust.cpp">
      <Filter>src\mame\drivers</Filter>
    </ClCompile>
    <ClCompile Include="..\..\..\..\..\src\mame\drivers\anzterm.cpp">
      <Filter>src\mame\drivers</Filter>
    </ClCompile>
    <ClCompile Include="..\..\..\..\..\src\mame\drivers\applix.cpp">
      <Filter>src\mame\drivers</Filter>
    </ClCompile>
    <ClCompile Include="..\..\..\..\..\src\mame\drivers\argox.cpp">
      <Filter>src\mame\drivers</Filter>
    </ClCompile>
    <ClCompile Include="..\..\..\..\..\src\mame\drivers\attache.cpp">
      <Filter>src\mame\drivers</Filter>
    </ClCompile>
    <ClCompile Include="..\..\..\..\..\src\mame\drivers\aussiebyte.cpp">
      <Filter>src\mame\drivers</Filter>
    </ClCompile>
    <ClCompile Include="..\..\..\..\..\src\mame\video\aussiebyte.cpp">
      <Filter>src\mame\video</Filter>
    </ClCompile>
    <ClCompile Include="..\..\..\..\..\src\mame\drivers\ax20.cpp">
      <Filter>src\mame\drivers</Filter>
    </ClCompile>
    <ClCompile Include="..\..\..\..\..\src\mame\drivers\basf7100.cpp">
      <Filter>src\mame\drivers</Filter>
    </ClCompile>
    <ClCompile Include="..\..\..\..\..\src\mame\machine\basf7100_kbd.cpp">
      <Filter>src\mame\machine</Filter>
    </ClCompile>
    <ClCompile Include="..\..\..\..\..\src\mame\drivers\binbug.cpp">
      <Filter>src\mame\drivers</Filter>
    </ClCompile>
    <ClCompile Include="..\..\..\..\..\src\mame\drivers\bert.cpp">
      <Filter>src\mame\drivers</Filter>
    </ClCompile>
    <ClCompile Include="..\..\..\..\..\src\mame\drivers\besta.cpp">
      <Filter>src\mame\drivers</Filter>
    </ClCompile>
    <ClCompile Include="..\..\..\..\..\src\mame\drivers\bitgraph.cpp">
      <Filter>src\mame\drivers</Filter>
    </ClCompile>
    <ClCompile Include="..\..\..\..\..\src\mame\drivers\blit.cpp">
      <Filter>src\mame\drivers</Filter>
    </ClCompile>
    <ClCompile Include="..\..\..\..\..\src\mame\drivers\bpmmicro.cpp">
      <Filter>src\mame\drivers</Filter>
    </ClCompile>
    <ClCompile Include="..\..\..\..\..\src\mame\drivers\blw700i.cpp">
      <Filter>src\mame\drivers</Filter>
    </ClCompile>
    <ClCompile Include="..\..\..\..\..\src\mame\drivers\br8641.cpp">
      <Filter>src\mame\drivers</Filter>
    </ClCompile>
    <ClCompile Include="..\..\..\..\..\src\mame\drivers\busicom.cpp">
      <Filter>src\mame\drivers</Filter>
    </ClCompile>
    <ClCompile Include="..\..\..\..\..\src\mame\video\busicom.cpp">
      <Filter>src\mame\video</Filter>
    </ClCompile>
    <ClCompile Include="..\..\..\..\..\src\mame\drivers\c2color.cpp">
      <Filter>src\mame\drivers</Filter>
    </ClCompile>
    <ClCompile Include="..\..\..\..\..\src\mame\drivers\candela.cpp">
      <Filter>src\mame\drivers</Filter>
    </ClCompile>
    <ClCompile Include="..\..\..\..\..\src\mame\drivers\cardinal.cpp">
      <Filter>src\mame\drivers</Filter>
    </ClCompile>
    <ClCompile Include="..\..\..\..\..\src\mame\drivers\cbnt2039.cpp">
      <Filter>src\mame\drivers</Filter>
    </ClCompile>
    <ClCompile Include="..\..\..\..\..\src\mame\drivers\cdsys5.cpp">
      <Filter>src\mame\drivers</Filter>
    </ClCompile>
    <ClCompile Include="..\..\..\..\..\src\mame\drivers\chaos.cpp">
      <Filter>src\mame\drivers</Filter>
    </ClCompile>
    <ClCompile Include="..\..\..\..\..\src\mame\drivers\cd100.cpp">
      <Filter>src\mame\drivers</Filter>
    </ClCompile>
    <ClCompile Include="..\..\..\..\..\src\mame\drivers\cd2650.cpp">
      <Filter>src\mame\drivers</Filter>
    </ClCompile>
    <ClCompile Include="..\..\..\..\..\src\mame\drivers\cdc721.cpp">
      <Filter>src\mame\drivers</Filter>
    </ClCompile>
    <ClCompile Include="..\..\..\..\..\src\mame\drivers\cit1500.cpp">
      <Filter>src\mame\drivers</Filter>
    </ClCompile>
    <ClCompile Include="..\..\..\..\..\src\mame\drivers\clxvme186.cpp">
      <Filter>src\mame\drivers</Filter>
    </ClCompile>
    <ClCompile Include="..\..\..\..\..\src\mame\drivers\codata.cpp">
      <Filter>src\mame\drivers</Filter>
    </ClCompile>
    <ClCompile Include="..\..\..\..\..\src\mame\drivers\consola_emt.cpp">
      <Filter>src\mame\drivers</Filter>
    </ClCompile>
    <ClCompile Include="..\..\..\..\..\src\mame\drivers\controlid.cpp">
      <Filter>src\mame\drivers</Filter>
    </ClCompile>
    <ClCompile Include="..\..\..\..\..\src\mame\drivers\cortex.cpp">
      <Filter>src\mame\drivers</Filter>
    </ClCompile>
    <ClCompile Include="..\..\..\..\..\src\mame\drivers\cosmicos.cpp">
      <Filter>src\mame\drivers</Filter>
    </ClCompile>
    <ClCompile Include="..\..\..\..\..\src\mame\drivers\cp1.cpp">
      <Filter>src\mame\drivers</Filter>
    </ClCompile>
    <ClCompile Include="..\..\..\..\..\src\mame\drivers\cxhumax.cpp">
      <Filter>src\mame\drivers</Filter>
    </ClCompile>
    <ClCompile Include="..\..\..\..\..\src\mame\drivers\ckz80.cpp">
      <Filter>src\mame\drivers</Filter>
    </ClCompile>
    <ClCompile Include="..\..\..\..\..\src\mame\drivers\d400.cpp">
      <Filter>src\mame\drivers</Filter>
    </ClCompile>
    <ClCompile Include="..\..\..\..\..\src\mame\drivers\d6800.cpp">
      <Filter>src\mame\drivers</Filter>
    </ClCompile>
    <ClCompile Include="..\..\..\..\..\src\mame\drivers\d6809.cpp">
      <Filter>src\mame\drivers</Filter>
    </ClCompile>
    <ClCompile Include="..\..\..\..\..\src\mame\drivers\daruma.cpp">
      <Filter>src\mame\drivers</Filter>
    </ClCompile>
    <ClCompile Include="..\..\..\..\..\src\mame\drivers\datacast.cpp">
      <Filter>src\mame\drivers</Filter>
    </ClCompile>
    <ClCompile Include="..\..\..\..\..\src\mame\drivers\design.cpp">
      <Filter>src\mame\drivers</Filter>
    </ClCompile>
    <ClCompile Include="..\..\..\..\..\src\mame\drivers\dg680.cpp">
      <Filter>src\mame\drivers</Filter>
    </ClCompile>
    <ClCompile Include="..\..\..\..\..\src\mame\drivers\diablo1300.cpp">
      <Filter>src\mame\drivers</Filter>
    </ClCompile>
    <ClCompile Include="..\..\..\..\..\src\mame\drivers\didact.cpp">
      <Filter>src\mame\drivers</Filter>
    </ClCompile>
    <ClCompile Include="..\..\..\..\..\src\mame\drivers\digel804.cpp">
      <Filter>src\mame\drivers</Filter>
    </ClCompile>
    <ClCompile Include="..\..\..\..\..\src\mame\drivers\digijet.cpp">
      <Filter>src\mame\drivers</Filter>
    </ClCompile>
    <ClCompile Include="..\..\..\..\..\src\mame\drivers\dim68k.cpp">
      <Filter>src\mame\drivers</Filter>
    </ClCompile>
    <ClCompile Include="..\..\..\..\..\src\mame\drivers\dm7000.cpp">
      <Filter>src\mame\drivers</Filter>
    </ClCompile>
    <ClCompile Include="..\..\..\..\..\src\mame\drivers\dmax8000.cpp">
      <Filter>src\mame\drivers</Filter>
    </ClCompile>
    <ClCompile Include="..\..\..\..\..\src\mame\drivers\dmv.cpp">
      <Filter>src\mame\drivers</Filter>
    </ClCompile>
    <ClCompile Include="..\..\..\..\..\src\mame\machine\dmv_keyb.cpp">
      <Filter>src\mame\machine</Filter>
    </ClCompile>
    <ClCompile Include="..\..\..\..\..\src\mame\drivers\dps1.cpp">
      <Filter>src\mame\drivers</Filter>
    </ClCompile>
    <ClCompile Include="..\..\..\..\..\src\mame\drivers\dsb46.cpp">
      <Filter>src\mame\drivers</Filter>
    </ClCompile>
    <ClCompile Include="..\..\..\..\..\src\mame\drivers\dual68.cpp">
      <Filter>src\mame\drivers</Filter>
    </ClCompile>
    <ClCompile Include="..\..\..\..\..\src\mame\drivers\e100.cpp">
      <Filter>src\mame\drivers</Filter>
    </ClCompile>
    <ClCompile Include="..\..\..\..\..\src\mame\drivers\eacc.cpp">
      <Filter>src\mame\drivers</Filter>
    </ClCompile>
    <ClCompile Include="..\..\..\..\..\src\mame\drivers\easy_karaoke.cpp">
      <Filter>src\mame\drivers</Filter>
    </ClCompile>
    <ClCompile Include="..\..\..\..\..\src\mame\drivers\elwro800.cpp">
      <Filter>src\mame\drivers</Filter>
    </ClCompile>
    <ClCompile Include="..\..\..\..\..\src\mame\drivers\elzet80.cpp">
      <Filter>src\mame\drivers</Filter>
    </ClCompile>
    <ClCompile Include="..\..\..\..\..\src\mame\drivers\epic14e.cpp">
      <Filter>src\mame\drivers</Filter>
    </ClCompile>
    <ClCompile Include="..\..\..\..\..\src\mame\drivers\esprit.cpp">
      <Filter>src\mame\drivers</Filter>
    </ClCompile>
    <ClCompile Include="..\..\..\..\..\src\mame\drivers\eti660.cpp">
      <Filter>src\mame\drivers</Filter>
    </ClCompile>
    <ClCompile Include="..\..\..\..\..\src\mame\drivers\eurit.cpp">
      <Filter>src\mame\drivers</Filter>
    </ClCompile>
    <ClCompile Include="..\..\..\..\..\src\mame\drivers\eurocom2.cpp">
      <Filter>src\mame\drivers</Filter>
    </ClCompile>
    <ClCompile Include="..\..\..\..\..\src\mame\drivers\excali64.cpp">
      <Filter>src\mame\drivers</Filter>
    </ClCompile>
    <ClCompile Include="..\..\..\..\..\src\mame\drivers\facit4440.cpp">
      <Filter>src\mame\drivers</Filter>
    </ClCompile>
    <ClCompile Include="..\..\..\..\..\src\mame\drivers\falco5220.cpp">
      <Filter>src\mame\drivers</Filter>
    </ClCompile>
    <ClCompile Include="..\..\..\..\..\src\mame\drivers\falcots.cpp">
      <Filter>src\mame\drivers</Filter>
    </ClCompile>
    <ClCompile Include="..\..\..\..\..\src\mame\drivers\fanucs15.cpp">
      <Filter>src\mame\drivers</Filter>
    </ClCompile>
    <ClCompile Include="..\..\..\..\..\src\mame\drivers\fanucspmg.cpp">
      <Filter>src\mame\drivers</Filter>
    </ClCompile>
    <ClCompile Include="..\..\..\..\..\src\mame\drivers\fc100.cpp">
      <Filter>src\mame\drivers</Filter>
    </ClCompile>
    <ClCompile Include="..\..\..\..\..\src\mame\drivers\fk1.cpp">
      <Filter>src\mame\drivers</Filter>
    </ClCompile>
    <ClCompile Include="..\..\..\..\..\src\mame\drivers\fs3216.cpp">
      <Filter>src\mame\drivers</Filter>
    </ClCompile>
    <ClCompile Include="..\..\..\..\..\src\mame\drivers\ft68m.cpp">
      <Filter>src\mame\drivers</Filter>
    </ClCompile>
    <ClCompile Include="..\..\..\..\..\src\mame\drivers\gameking.cpp">
      <Filter>src\mame\drivers</Filter>
    </ClCompile>
    <ClCompile Include="..\..\..\..\..\src\mame\drivers\gem_rp.cpp">
      <Filter>src\mame\drivers</Filter>
    </ClCompile>
    <ClCompile Include="..\..\..\..\..\src\mame\drivers\gigatron.cpp">
      <Filter>src\mame\drivers</Filter>
    </ClCompile>
    <ClCompile Include="..\..\..\..\..\src\mame\drivers\gimix.cpp">
      <Filter>src\mame\drivers</Filter>
    </ClCompile>
    <ClCompile Include="..\..\..\..\..\src\mame\drivers\gm1000.cpp">
      <Filter>src\mame\drivers</Filter>
    </ClCompile>
    <ClCompile Include="..\..\..\..\..\src\mame\drivers\gnat10.cpp">
      <Filter>src\mame\drivers</Filter>
    </ClCompile>
    <ClCompile Include="..\..\..\..\..\src\mame\drivers\goupil.cpp">
      <Filter>src\mame\drivers</Filter>
    </ClCompile>
    <ClCompile Include="..\..\..\..\..\src\mame\drivers\grfd2301.cpp">
      <Filter>src\mame\drivers</Filter>
    </ClCompile>
    <ClCompile Include="..\..\..\..\..\src\mame\drivers\hazeltin.cpp">
      <Filter>src\mame\drivers</Filter>
    </ClCompile>
    <ClCompile Include="..\..\..\..\..\src\mame\drivers\hazl1420.cpp">
      <Filter>src\mame\drivers</Filter>
    </ClCompile>
    <ClCompile Include="..\..\..\..\..\src\mame\drivers\hohnadam.cpp">
      <Filter>src\mame\drivers</Filter>
    </ClCompile>
    <ClCompile Include="..\..\..\..\..\src\mame\drivers\hp3478a.cpp">
      <Filter>src\mame\drivers</Filter>
    </ClCompile>
    <ClCompile Include="..\..\..\..\..\src\mame\drivers\hprot1.cpp">
      <Filter>src\mame\drivers</Filter>
    </ClCompile>
    <ClCompile Include="..\..\..\..\..\src\mame\drivers\hpz80unk.cpp">
      <Filter>src\mame\drivers</Filter>
    </ClCompile>
    <ClCompile Include="..\..\..\..\..\src\mame\drivers\ht68k.cpp">
      <Filter>src\mame\drivers</Filter>
    </ClCompile>
    <ClCompile Include="..\..\..\..\..\src\mame\drivers\i7000.cpp">
      <Filter>src\mame\drivers</Filter>
    </ClCompile>
    <ClCompile Include="..\..\..\..\..\src\mame\drivers\ibm3153.cpp">
      <Filter>src\mame\drivers</Filter>
    </ClCompile>
    <ClCompile Include="..\..\..\..\..\src\mame\drivers\icatel.cpp">
      <Filter>src\mame\drivers</Filter>
    </ClCompile>
    <ClCompile Include="..\..\..\..\..\src\mame\drivers\icebox.cpp">
      <Filter>src\mame\drivers</Filter>
    </ClCompile>
    <ClCompile Include="..\..\..\..\..\src\mame\drivers\iez80.cpp">
      <Filter>src\mame\drivers</Filter>
    </ClCompile>
    <ClCompile Include="..\..\..\..\..\src\mame\drivers\if800.cpp">
      <Filter>src\mame\drivers</Filter>
    </ClCompile>
    <ClCompile Include="..\..\..\..\..\src\mame\drivers\ikt5a.cpp">
      <Filter>src\mame\drivers</Filter>
    </ClCompile>
    <ClCompile Include="..\..\..\..\..\src\mame\drivers\imsai.cpp">
      <Filter>src\mame\drivers</Filter>
    </ClCompile>
    <ClCompile Include="..\..\..\..\..\src\mame\drivers\indiana.cpp">
      <Filter>src\mame\drivers</Filter>
    </ClCompile>
    <ClCompile Include="..\..\..\..\..\src\mame\drivers\is48x.cpp">
      <Filter>src\mame\drivers</Filter>
    </ClCompile>
    <ClCompile Include="..\..\..\..\..\src\mame\drivers\itc4.cpp">
      <Filter>src\mame\drivers</Filter>
    </ClCompile>
    <ClCompile Include="..\..\..\..\..\src\mame\drivers\itt1700.cpp">
      <Filter>src\mame\drivers</Filter>
    </ClCompile>
    <ClCompile Include="..\..\..\..\..\src\mame\machine\itt1700_kbd.cpp">
      <Filter>src\mame\machine</Filter>
    </ClCompile>
    <ClCompile Include="..\..\..\..\..\src\mame\drivers\itt3030.cpp">
      <Filter>src\mame\drivers</Filter>
    </ClCompile>
    <ClCompile Include="..\..\..\..\..\src\mame\drivers\itt9216.cpp">
      <Filter>src\mame\drivers</Filter>
    </ClCompile>
    <ClCompile Include="..\..\..\..\..\src\mame\drivers\jade.cpp">
      <Filter>src\mame\drivers</Filter>
    </ClCompile>
    <ClCompile Include="..\..\..\..\..\src\mame\drivers\jonos.cpp">
      <Filter>src\mame\drivers</Filter>
    </ClCompile>
    <ClCompile Include="..\..\..\..\..\src\mame\drivers\juku.cpp">
      <Filter>src\mame\drivers</Filter>
    </ClCompile>
    <ClCompile Include="..\..\..\..\..\src\mame\drivers\junior80.cpp">
      <Filter>src\mame\drivers</Filter>
    </ClCompile>
    <ClCompile Include="..\..\..\..\..\src\mame\drivers\krokha.cpp">
      <Filter>src\mame\drivers</Filter>
    </ClCompile>
    <ClCompile Include="..\..\..\..\..\src\mame\drivers\kron.cpp">
      <Filter>src\mame\drivers</Filter>
    </ClCompile>
    <ClCompile Include="..\..\..\..\..\src\mame\drivers\lee1214.cpp">
      <Filter>src\mame\drivers</Filter>
    </ClCompile>
    <ClCompile Include="..\..\..\..\..\src\mame\drivers\lee1220.cpp">
      <Filter>src\mame\drivers</Filter>
    </ClCompile>
    <ClCompile Include="..\..\..\..\..\src\mame\drivers\learnwin.cpp">
      <Filter>src\mame\drivers</Filter>
    </ClCompile>
    <ClCompile Include="..\..\..\..\..\src\mame\drivers\lft.cpp">
      <Filter>src\mame\drivers</Filter>
    </ClCompile>
    <ClCompile Include="..\..\..\..\..\src\mame\drivers\lg-dvd.cpp">
      <Filter>src\mame\drivers</Filter>
    </ClCompile>
    <ClCompile Include="..\..\..\..\..\src\mame\drivers\lk3000.cpp">
      <Filter>src\mame\drivers</Filter>
    </ClCompile>
    <ClCompile Include="..\..\..\..\..\src\mame\drivers\lms46.cpp">
      <Filter>src\mame\drivers</Filter>
    </ClCompile>
    <ClCompile Include="..\..\..\..\..\src\mame\drivers\lola8a.cpp">
      <Filter>src\mame\drivers</Filter>
    </ClCompile>
    <ClCompile Include="..\..\..\..\..\src\mame\drivers\lilith.cpp">
      <Filter>src\mame\drivers</Filter>
    </ClCompile>
    <ClCompile Include="..\..\..\..\..\src\mame\drivers\mccpm.cpp">
      <Filter>src\mame\drivers</Filter>
    </ClCompile>
    <ClCompile Include="..\..\..\..\..\src\mame\drivers\mes.cpp">
      <Filter>src\mame\drivers</Filter>
    </ClCompile>
    <ClCompile Include="..\..\..\..\..\src\mame\drivers\mfabfz.cpp">
      <Filter>src\mame\drivers</Filter>
    </ClCompile>
    <ClCompile Include="..\..\..\..\..\src\mame\drivers\mice.cpp">
      <Filter>src\mame\drivers</Filter>
    </ClCompile>
    <ClCompile Include="..\..\..\..\..\src\mame\drivers\micral.cpp">
      <Filter>src\mame\drivers</Filter>
    </ClCompile>
    <ClCompile Include="..\..\..\..\..\src\mame\drivers\micro20.cpp">
      <Filter>src\mame\drivers</Filter>
    </ClCompile>
    <ClCompile Include="..\..\..\..\..\src\mame\drivers\micromon.cpp">
      <Filter>src\mame\drivers</Filter>
    </ClCompile>
    <ClCompile Include="..\..\..\..\..\src\mame\drivers\micronic.cpp">
      <Filter>src\mame\drivers</Filter>
    </ClCompile>
    <ClCompile Include="..\..\..\..\..\src\mame\drivers\mightyframe.cpp">
      <Filter>src\mame\drivers</Filter>
    </ClCompile>
    <ClCompile Include="..\..\..\..\..\src\mame\drivers\milwaukee.cpp">
      <Filter>src\mame\drivers</Filter>
    </ClCompile>
    <ClCompile Include="..\..\..\..\..\src\mame\drivers\mini2440.cpp">
      <Filter>src\mame\drivers</Filter>
    </ClCompile>
    <ClCompile Include="..\..\..\..\..\src\mame\drivers\miniframe.cpp">
      <Filter>src\mame\drivers</Filter>
    </ClCompile>
    <ClCompile Include="..\..\..\..\..\src\mame\drivers\minitel_2_rpic.cpp">
      <Filter>src\mame\drivers</Filter>
    </ClCompile>
    <ClCompile Include="..\..\..\..\..\src\mame\drivers\miuchiz.cpp">
      <Filter>src\mame\drivers</Filter>
    </ClCompile>
    <ClCompile Include="..\..\..\..\..\src\mame\drivers\ml20.cpp">
      <Filter>src\mame\drivers</Filter>
    </ClCompile>
    <ClCompile Include="..\..\..\..\..\src\mame\drivers\mmd1.cpp">
      <Filter>src\mame\drivers</Filter>
    </ClCompile>
    <ClCompile Include="..\..\..\..\..\src\mame\drivers\mmd2.cpp">
      <Filter>src\mame\drivers</Filter>
    </ClCompile>
    <ClCompile Include="..\..\..\..\..\src\mame\drivers\mod8.cpp">
      <Filter>src\mame\drivers</Filter>
    </ClCompile>
    <ClCompile Include="..\..\..\..\..\src\mame\drivers\modellot.cpp">
      <Filter>src\mame\drivers</Filter>
    </ClCompile>
    <ClCompile Include="..\..\..\..\..\src\mame\drivers\molecular.cpp">
      <Filter>src\mame\drivers</Filter>
    </ClCompile>
    <ClCompile Include="..\..\..\..\..\src\mame\drivers\monon_color.cpp">
      <Filter>src\mame\drivers</Filter>
    </ClCompile>
    <ClCompile Include="..\..\..\..\..\src\mame\drivers\ms0515.cpp">
      <Filter>src\mame\drivers</Filter>
    </ClCompile>
    <ClCompile Include="..\..\..\..\..\src\mame\drivers\ms9540.cpp">
      <Filter>src\mame\drivers</Filter>
    </ClCompile>
    <ClCompile Include="..\..\..\..\..\src\mame\drivers\mstation.cpp">
      <Filter>src\mame\drivers</Filter>
    </ClCompile>
    <ClCompile Include="..\..\..\..\..\src\mame\drivers\mt735.cpp">
      <Filter>src\mame\drivers</Filter>
    </ClCompile>
    <ClCompile Include="..\..\..\..\..\src\mame\drivers\mtd1256.cpp">
      <Filter>src\mame\drivers</Filter>
    </ClCompile>
    <ClCompile Include="..\..\..\..\..\src\mame\drivers\mx2178.cpp">
      <Filter>src\mame\drivers</Filter>
    </ClCompile>
    <ClCompile Include="..\..\..\..\..\src\mame\drivers\mycom.cpp">
      <Filter>src\mame\drivers</Filter>
    </ClCompile>
    <ClCompile Include="..\..\..\..\..\src\mame\drivers\myvision.cpp">
      <Filter>src\mame\drivers</Filter>
    </ClCompile>
    <ClCompile Include="..\..\..\..\..\src\mame\drivers\newton.cpp">
      <Filter>src\mame\drivers</Filter>
    </ClCompile>
    <ClCompile Include="..\..\..\..\..\src\mame\machine\nl_hazelvid.cpp">
      <Filter>src\mame\machine</Filter>
    </ClCompile>
    <ClCompile Include="..\..\..\..\..\src\mame\drivers\notetaker.cpp">
      <Filter>src\mame\drivers</Filter>
    </ClCompile>
    <ClCompile Include="..\..\..\..\..\src\mame\drivers\ngen.cpp">
      <Filter>src\mame\drivers</Filter>
    </ClCompile>
    <ClCompile Include="..\..\..\..\..\src\mame\machine\ngen_kb.cpp">
      <Filter>src\mame\machine</Filter>
    </ClCompile>
    <ClCompile Include="..\..\..\..\..\src\mame\drivers\onyx.cpp">
      <Filter>src\mame\drivers</Filter>
    </ClCompile>
    <ClCompile Include="..\..\..\..\..\src\mame\drivers\p8k.cpp">
      <Filter>src\mame\drivers</Filter>
    </ClCompile>
    <ClCompile Include="..\..\..\..\..\src\mame\drivers\pdt3100.cpp">
      <Filter>src\mame\drivers</Filter>
    </ClCompile>
    <ClCompile Include="..\..\..\..\..\src\mame\drivers\pegasus.cpp">
      <Filter>src\mame\drivers</Filter>
    </ClCompile>
    <ClCompile Include="..\..\..\..\..\src\mame\drivers\pencil2.cpp">
      <Filter>src\mame\drivers</Filter>
    </ClCompile>
    <ClCompile Include="..\..\..\..\..\src\mame\drivers\perq.cpp">
      <Filter>src\mame\drivers</Filter>
    </ClCompile>
    <ClCompile Include="..\..\..\..\..\src\mame\drivers\pes.cpp">
      <Filter>src\mame\drivers</Filter>
    </ClCompile>
    <ClCompile Include="..\..\..\..\..\src\mame\drivers\picno.cpp">
      <Filter>src\mame\drivers</Filter>
    </ClCompile>
    <ClCompile Include="..\..\..\..\..\src\mame\drivers\pipbug.cpp">
      <Filter>src\mame\drivers</Filter>
    </ClCompile>
    <ClCompile Include="..\..\..\..\..\src\mame\drivers\plan80.cpp">
      <Filter>src\mame\drivers</Filter>
    </ClCompile>
    <ClCompile Include="..\..\..\..\..\src\mame\drivers\pm68k.cpp">
      <Filter>src\mame\drivers</Filter>
    </ClCompile>
    <ClCompile Include="..\..\..\..\..\src\mame\drivers\pockchal.cpp">
      <Filter>src\mame\drivers</Filter>
    </ClCompile>
    <ClCompile Include="..\..\..\..\..\src\mame\drivers\powerstack.cpp">
      <Filter>src\mame\drivers</Filter>
    </ClCompile>
    <ClCompile Include="..\..\..\..\..\src\mame\drivers\proteus3.cpp">
      <Filter>src\mame\drivers</Filter>
    </ClCompile>
    <ClCompile Include="..\..\..\..\..\src\mame\drivers\pt68k4.cpp">
      <Filter>src\mame\drivers</Filter>
    </ClCompile>
    <ClCompile Include="..\..\..\..\..\src\mame\drivers\ptcsol.cpp">
      <Filter>src\mame\drivers</Filter>
    </ClCompile>
    <ClCompile Include="..\..\..\..\..\src\mame\drivers\pulsar.cpp">
      <Filter>src\mame\drivers</Filter>
    </ClCompile>
    <ClCompile Include="..\..\..\..\..\src\mame\drivers\pv9234.cpp">
      <Filter>src\mame\drivers</Filter>
    </ClCompile>
    <ClCompile Include="..\..\..\..\..\src\mame\drivers\pwp14.cpp">
      <Filter>src\mame\drivers</Filter>
    </ClCompile>
    <ClCompile Include="..\..\..\..\..\src\mame\drivers\qtsbc.cpp">
      <Filter>src\mame\drivers</Filter>
    </ClCompile>
    <ClCompile Include="..\..\..\..\..\src\mame\drivers\rd100.cpp">
      <Filter>src\mame\drivers</Filter>
    </ClCompile>
    <ClCompile Include="..\..\..\..\..\src\mame\drivers\rvoice.cpp">
      <Filter>src\mame\drivers</Filter>
    </ClCompile>
    <ClCompile Include="..\..\..\..\..\src\mame\drivers\sacstate.cpp">
      <Filter>src\mame\drivers</Filter>
    </ClCompile>
    <ClCompile Include="..\..\..\..\..\src\mame\drivers\sartorius.cpp">
      <Filter>src\mame\drivers</Filter>
    </ClCompile>
    <ClCompile Include="..\..\..\..\..\src\mame\drivers\sb8085.cpp">
      <Filter>src\mame\drivers</Filter>
    </ClCompile>
    <ClCompile Include="..\..\..\..\..\src\mame\drivers\sbrain.cpp">
      <Filter>src\mame\drivers</Filter>
    </ClCompile>
    <ClCompile Include="..\..\..\..\..\src\mame\drivers\seattlecmp.cpp">
      <Filter>src\mame\drivers</Filter>
    </ClCompile>
    <ClCompile Include="..\..\..\..\..\src\mame\drivers\sh4robot.cpp">
      <Filter>src\mame\drivers</Filter>
    </ClCompile>
    <ClCompile Include="..\..\..\..\..\src\mame\drivers\sansa_fuze.cpp">
      <Filter>src\mame\drivers</Filter>
    </ClCompile>
    <ClCompile Include="..\..\..\..\..\src\mame\drivers\scopus.cpp">
      <Filter>src\mame\drivers</Filter>
    </ClCompile>
    <ClCompile Include="..\..\..\..\..\src\mame\drivers\shine.cpp">
      <Filter>src\mame\drivers</Filter>
    </ClCompile>
    <ClCompile Include="..\..\..\..\..\src\mame\drivers\si5500.cpp">
      <Filter>src\mame\drivers</Filter>
    </ClCompile>
    <ClCompile Include="..\..\..\..\..\src\mame\drivers\sk101bl.cpp">
      <Filter>src\mame\drivers</Filter>
    </ClCompile>
    <ClCompile Include="..\..\..\..\..\src\mame\drivers\slsstars.cpp">
      <Filter>src\mame\drivers</Filter>
    </ClCompile>
    <ClCompile Include="..\..\..\..\..\src\mame\drivers\softbox.cpp">
      <Filter>src\mame\drivers</Filter>
    </ClCompile>
    <ClCompile Include="..\..\..\..\..\src\mame\drivers\squale.cpp">
      <Filter>src\mame\drivers</Filter>
    </ClCompile>
    <ClCompile Include="..\..\..\..\..\src\mame\drivers\solbourne.cpp">
      <Filter>src\mame\drivers</Filter>
    </ClCompile>
    <ClCompile Include="..\..\..\..\..\src\mame\drivers\swyft.cpp">
      <Filter>src\mame\drivers</Filter>
    </ClCompile>
    <ClCompile Include="..\..\..\..\..\src\mame\drivers\symbolics.cpp">
      <Filter>src\mame\drivers</Filter>
    </ClCompile>
    <ClCompile Include="..\..\..\..\..\src\mame\drivers\synthex.cpp">
      <Filter>src\mame\drivers</Filter>
    </ClCompile>
    <ClCompile Include="..\..\..\..\..\src\mame\drivers\sys2900.cpp">
      <Filter>src\mame\drivers</Filter>
    </ClCompile>
    <ClCompile Include="..\..\..\..\..\src\mame\drivers\sys9002.cpp">
      <Filter>src\mame\drivers</Filter>
    </ClCompile>
    <ClCompile Include="..\..\..\..\..\src\mame\drivers\systec.cpp">
      <Filter>src\mame\drivers</Filter>
    </ClCompile>
    <ClCompile Include="..\..\..\..\..\src\mame\drivers\systel1.cpp">
      <Filter>src\mame\drivers</Filter>
    </ClCompile>
    <ClCompile Include="..\..\..\..\..\src\mame\drivers\tavernie.cpp">
      <Filter>src\mame\drivers</Filter>
    </ClCompile>
    <ClCompile Include="..\..\..\..\..\src\mame\drivers\tecnbras.cpp">
      <Filter>src\mame\drivers</Filter>
    </ClCompile>
    <ClCompile Include="..\..\..\..\..\src\mame\drivers\teleray10.cpp">
      <Filter>src\mame\drivers</Filter>
    </ClCompile>
    <ClCompile Include="..\..\..\..\..\src\mame\drivers\telex1192.cpp">
      <Filter>src\mame\drivers</Filter>
    </ClCompile>
    <ClCompile Include="..\..\..\..\..\src\mame\drivers\telex274.cpp">
      <Filter>src\mame\drivers</Filter>
    </ClCompile>
    <ClCompile Include="..\..\..\..\..\src\mame\drivers\telex277d.cpp">
      <Filter>src\mame\drivers</Filter>
    </ClCompile>
    <ClCompile Include="..\..\..\..\..\src\mame\drivers\terak.cpp">
      <Filter>src\mame\drivers</Filter>
    </ClCompile>
    <ClCompile Include="..\..\..\..\..\src\mame\drivers\terco.cpp">
      <Filter>src\mame\drivers</Filter>
    </ClCompile>
    <ClCompile Include="..\..\..\..\..\src\mame\drivers\terminal.cpp">
      <Filter>src\mame\drivers</Filter>
    </ClCompile>
    <ClCompile Include="..\..\..\..\..\src\mame\drivers\textelcomp.cpp">
      <Filter>src\mame\drivers</Filter>
    </ClCompile>
    <ClCompile Include="..\..\..\..\..\src\mame\drivers\ti630.cpp">
      <Filter>src\mame\drivers</Filter>
    </ClCompile>
    <ClCompile Include="..\..\..\..\..\src\mame\drivers\tk635.cpp">
      <Filter>src\mame\drivers</Filter>
    </ClCompile>
    <ClCompile Include="..\..\..\..\..\src\mame\drivers\tr175.cpp">
      <Filter>src\mame\drivers</Filter>
    </ClCompile>
    <ClCompile Include="..\..\..\..\..\src\mame\drivers\trs80dt1.cpp">
      <Filter>src\mame\drivers</Filter>
    </ClCompile>
    <ClCompile Include="..\..\..\..\..\src\mame\drivers\tsispch.cpp">
      <Filter>src\mame\drivers</Filter>
    </ClCompile>
    <ClCompile Include="..\..\..\..\..\src\mame\drivers\tulip1.cpp">
      <Filter>src\mame\drivers</Filter>
    </ClCompile>
    <ClCompile Include="..\..\..\..\..\src\mame\drivers\unistar.cpp">
      <Filter>src\mame\drivers</Filter>
    </ClCompile>
    <ClCompile Include="..\..\..\..\..\src\mame\drivers\v6809.cpp">
      <Filter>src\mame\drivers</Filter>
    </ClCompile>
    <ClCompile Include="..\..\..\..\..\src\mame\drivers\vanguardmk1.cpp">
      <Filter>src\mame\drivers</Filter>
    </ClCompile>
    <ClCompile Include="..\..\..\..\..\src\mame\drivers\vd56sp.cpp">
      <Filter>src\mame\drivers</Filter>
    </ClCompile>
    <ClCompile Include="..\..\..\..\..\src\mame\drivers\vector4.cpp">
      <Filter>src\mame\drivers</Filter>
    </ClCompile>
    <ClCompile Include="..\..\..\..\..\src\mame\drivers\vectrix.cpp">
      <Filter>src\mame\drivers</Filter>
    </ClCompile>
    <ClCompile Include="..\..\..\..\..\src\mame\drivers\vp60.cpp">
      <Filter>src\mame\drivers</Filter>
    </ClCompile>
    <ClCompile Include="..\..\..\..\..\src\mame\drivers\vp415.cpp">
      <Filter>src\mame\drivers</Filter>
    </ClCompile>
    <ClCompile Include="..\..\..\..\..\src\mame\drivers\vsmilepro.cpp">
      <Filter>src\mame\drivers</Filter>
    </ClCompile>
    <ClCompile Include="..\..\..\..\..\src\mame\drivers\wicat.cpp">
      <Filter>src\mame\drivers</Filter>
    </ClCompile>
    <ClCompile Include="..\..\..\..\..\src\mame\drivers\xbase09.cpp">
      <Filter>src\mame\drivers</Filter>
    </ClCompile>
    <ClCompile Include="..\..\..\..\..\src\mame\drivers\xor100.cpp">
      <Filter>src\mame\drivers</Filter>
    </ClCompile>
    <ClCompile Include="..\..\..\..\..\src\mame\drivers\zms8085.cpp">
      <Filter>src\mame\drivers</Filter>
    </ClCompile>
    <ClCompile Include="..\..\..\..\..\src\mame\drivers\zorba.cpp">
      <Filter>src\mame\drivers</Filter>
    </ClCompile>
    <ClCompile Include="..\..\..\..\..\src\mame\machine\zorbakbd.cpp">
      <Filter>src\mame\machine</Filter>
    </ClCompile>
    <ClCompile Include="..\..\..\..\..\src\mame\drivers\zt8802.cpp">
      <Filter>src\mame\drivers</Filter>
    </ClCompile>
    <ClCompile Include="..\..\..\..\..\src\mame\drivers\testpat.cpp">
      <Filter>src\mame\drivers</Filter>
    </ClCompile>
    <ClCompile Include="..\..\..\..\..\src\mame\machine\nl_tp1983.cpp">
      <Filter>src\mame\machine</Filter>
    </ClCompile>
    <ClCompile Include="..\..\..\..\..\src\mame\machine\nl_tp1985.cpp">
      <Filter>src\mame\machine</Filter>
    </ClCompile>
    <ClCompile Include="..\..\..\..\..\src\mame\drivers\palestra.cpp">
      <Filter>src\mame\drivers</Filter>
    </ClCompile>
    <ClCompile Include="..\..\..\..\..\src\mame\machine\nl_palestra.cpp">
      <Filter>src\mame\machine</Filter>
    </ClCompile>
    <ClCompile Include="..\..\..\..\..\src\mame\drivers\philipsbo.cpp">
      <Filter>src\mame\drivers</Filter>
    </ClCompile>
    <ClCompile Include="..\..\..\..\..\src\mame\drivers\mindset.cpp">
      <Filter>src\mame\drivers</Filter>
    </ClCompile>
    <ClCompile Include="..\..\..\..\..\src\mame\drivers\gs6502.cpp">
      <Filter>src\mame\drivers</Filter>
    </ClCompile>
    <ClCompile Include="..\..\..\..\..\src\mame\drivers\gs6809.cpp">
      <Filter>src\mame\drivers</Filter>
    </ClCompile>
    <ClCompile Include="..\..\..\..\..\src\mame\drivers\gscpm.cpp">
      <Filter>src\mame\drivers</Filter>
    </ClCompile>
    <ClCompile Include="..\..\..\..\..\src\mame\drivers\gsz80.cpp">
      <Filter>src\mame\drivers</Filter>
    </ClCompile>
    <ClCompile Include="..\..\..\..\..\src\mame\drivers\ultim809.cpp">
      <Filter>src\mame\drivers</Filter>
    </ClCompile>
    <ClCompile Include="..\..\..\..\..\src\mame\drivers\zeebo_qualcomm_adreno130.cpp">
      <Filter>src\mame\drivers</Filter>
    </ClCompile>
  </ItemGroup>
</Project>
