<?xml version="1.0" encoding="utf-8"?>
<Project ToolsVersion="15.0" xmlns="http://schemas.microsoft.com/developer/msbuild/2003">
  <ItemGroup>
    <Filter Include="src">
      <UniqueIdentifier>{2DAB880B-99B4-887C-2230-9F7C8E38947C}</UniqueIdentifier>
    </Filter>
    <Filter Include="src\mame">
      <UniqueIdentifier>{09EE61D2-F5BA-BCDD-1ED4-AA850A00F26B}</UniqueIdentifier>
    </Filter>
    <Filter Include="src\mame\drivers">
      <UniqueIdentifier>{64B9D277-50B2-F1C9-79E4-D64E653CD1D5}</UniqueIdentifier>
    </Filter>
    <Filter Include="src\mame\audio">
      <UniqueIdentifier>{3753208E-2321-1494-0CB5-84BAF821F0F8}</UniqueIdentifier>
    </Filter>
    <Filter Include="src\mame\machine">
      <UniqueIdentifier>{9AF98204-86F2-A156-AF24-87DB9B7C8162}</UniqueIdentifier>
    </Filter>
    <Filter Include="src\mame\video">
      <UniqueIdentifier>{BCC0958F-A88E-8995-9122-FABB7D8F65FA}</UniqueIdentifier>
    </Filter>
    <Filter Include="src\mame\includes">
      <UniqueIdentifier>{9CBBDECC-08D2-DC62-5149-6884BD9EADEA}</UniqueIdentifier>
    </Filter>
  </ItemGroup>
  <ItemGroup>
    <ClInclude Include="..\..\..\..\..\src\mame\audio\elan_eu3a05.h">
      <Filter>src\mame\audio</Filter>
    </ClInclude>
    <ClInclude Include="..\..\..\..\..\src\mame\machine\elan_eu3a05gpio.h">
      <Filter>src\mame\machine</Filter>
    </ClInclude>
    <ClInclude Include="..\..\..\..\..\src\mame\machine\elan_eu3a05commonsys.h">
      <Filter>src\mame\machine</Filter>
    </ClInclude>
    <ClInclude Include="..\..\..\..\..\src\mame\machine\elan_ep3a19asys.h">
      <Filter>src\mame\machine</Filter>
    </ClInclude>
    <ClInclude Include="..\..\..\..\..\src\mame\machine\elan_eu3a05sys.h">
      <Filter>src\mame\machine</Filter>
    </ClInclude>
    <ClInclude Include="..\..\..\..\..\src\mame\machine\elan_eu3a14sys.h">
      <Filter>src\mame\machine</Filter>
    </ClInclude>
    <ClInclude Include="..\..\..\..\..\src\mame\video\elan_eu3a05commonvid.h">
      <Filter>src\mame\video</Filter>
    </ClInclude>
    <ClInclude Include="..\..\..\..\..\src\mame\video\elan_eu3a05vid.h">
      <Filter>src\mame\video</Filter>
    </ClInclude>
    <ClInclude Include="..\..\..\..\..\src\mame\video\elan_eu3a14vid.h">
      <Filter>src\mame\video</Filter>
    </ClInclude>
    <ClInclude Include="..\..\..\..\..\src\mame\includes\spg2xx.h">
      <Filter>src\mame\includes</Filter>
    </ClInclude>
    <ClInclude Include="..\..\..\..\..\src\mame\machine\hyperscan_card.h">
      <Filter>src\mame\machine</Filter>
    </ClInclude>
    <ClInclude Include="..\..\..\..\..\src\mame\machine\hyperscan_ctrl.h">
      <Filter>src\mame\machine</Filter>
    </ClInclude>
    <ClInclude Include="..\..\..\..\..\src\mame\includes\generalplus_gpl16250.h">
      <Filter>src\mame\includes</Filter>
    </ClInclude>
    <ClInclude Include="..\..\..\..\..\src\mame\includes\generalplus_gpl16250_romram.h">
      <Filter>src\mame\includes</Filter>
    </ClInclude>
    <ClInclude Include="..\..\..\..\..\src\mame\includes\generalplus_gpl16250_nand.h">
      <Filter>src\mame\includes</Filter>
    </ClInclude>
    <ClInclude Include="..\..\..\..\..\src\mame\machine\generalplus_gpl16250.h">
      <Filter>src\mame\machine</Filter>
    </ClInclude>
    <ClInclude Include="..\..\..\..\..\src\mame\includes\xavix.h">
      <Filter>src\mame\includes</Filter>
    </ClInclude>
    <ClInclude Include="..\..\..\..\..\src\mame\includes\xavix_2000.h">
      <Filter>src\mame\includes</Filter>
    </ClInclude>
    <ClInclude Include="..\..\..\..\..\src\mame\includes\xavix_2002.h">
      <Filter>src\mame\includes</Filter>
    </ClInclude>
    <ClInclude Include="..\..\..\..\..\src\mame\machine\xavix_mtrk_wheel.h">
      <Filter>src\mame\machine</Filter>
    </ClInclude>
    <ClInclude Include="..\..\..\..\..\src\mame\machine\xavix_madfb_ball.h">
      <Filter>src\mame\machine</Filter>
    </ClInclude>
    <ClInclude Include="..\..\..\..\..\src\mame\machine\xavix_io.h">
      <Filter>src\mame\machine</Filter>
    </ClInclude>
    <ClInclude Include="..\..\..\..\..\src\mame\machine\xavix_adc.h">
      <Filter>src\mame\machine</Filter>
    </ClInclude>
    <ClInclude Include="..\..\..\..\..\src\mame\machine\xavix_anport.h">
      <Filter>src\mame\machine</Filter>
    </ClInclude>
    <ClInclude Include="..\..\..\..\..\src\mame\machine\xavix_math.h">
      <Filter>src\mame\machine</Filter>
    </ClInclude>
    <ClInclude Include="..\..\..\..\..\src\mame\machine\xavix2002_io.h">
      <Filter>src\mame\machine</Filter>
    </ClInclude>
    <ClInclude Include="..\..\..\..\..\src\mame\video\bl_handhelds_lcdc.h">
      <Filter>src\mame\video</Filter>
    </ClInclude>
  </ItemGroup>
  <ItemGroup>
    <ClCompile Include="..\..\..\..\..\src\mame\drivers\elan_ep3a19a.cpp">
      <Filter>src\mame\drivers</Filter>
    </ClCompile>
    <ClCompile Include="..\..\..\..\..\src\mame\drivers\elan_eu3a14.cpp">
      <Filter>src\mame\drivers</Filter>
    </ClCompile>
    <ClCompile Include="..\..\..\..\..\src\mame\drivers\elan_eu3a05.cpp">
      <Filter>src\mame\drivers</Filter>
    </ClCompile>
    <ClCompile Include="..\..\..\..\..\src\mame\audio\elan_eu3a05.cpp">
      <Filter>src\mame\audio</Filter>
    </ClCompile>
    <ClCompile Include="..\..\..\..\..\src\mame\machine\elan_eu3a05gpio.cpp">
      <Filter>src\mame\machine</Filter>
    </ClCompile>
    <ClCompile Include="..\..\..\..\..\src\mame\machine\elan_eu3a05commonsys.cpp">
      <Filter>src\mame\machine</Filter>
    </ClCompile>
    <ClCompile Include="..\..\..\..\..\src\mame\machine\elan_ep3a19asys.cpp">
      <Filter>src\mame\machine</Filter>
    </ClCompile>
    <ClCompile Include="..\..\..\..\..\src\mame\machine\elan_eu3a05sys.cpp">
      <Filter>src\mame\machine</Filter>
    </ClCompile>
    <ClCompile Include="..\..\..\..\..\src\mame\machine\elan_eu3a14sys.cpp">
      <Filter>src\mame\machine</Filter>
    </ClCompile>
    <ClCompile Include="..\..\..\..\..\src\mame\video\elan_eu3a05commonvid.cpp">
      <Filter>src\mame\video</Filter>
    </ClCompile>
    <ClCompile Include="..\..\..\..\..\src\mame\video\elan_eu3a05vid.cpp">
      <Filter>src\mame\video</Filter>
    </ClCompile>
    <ClCompile Include="..\..\..\..\..\src\mame\video\elan_eu3a14vid.cpp">
      <Filter>src\mame\video</Filter>
    </ClCompile>
    <ClCompile Include="..\..\..\..\..\src\mame\drivers\trkfldch.cpp">
      <Filter>src\mame\drivers</Filter>
    </ClCompile>
    <ClCompile Include="..\..\..\..\..\src\mame\drivers\tvgame.cpp">
      <Filter>src\mame\drivers</Filter>
    </ClCompile>
    <ClCompile Include="..\..\..\..\..\src\mame\drivers\spg110.cpp">
      <Filter>src\mame\drivers</Filter>
    </ClCompile>
    <ClCompile Include="..\..\..\..\..\src\mame\drivers\spg2xx.cpp">
      <Filter>src\mame\drivers</Filter>
    </ClCompile>
    <ClCompile Include="..\..\..\..\..\src\mame\drivers\spg2xx_skannerztv.cpp">
      <Filter>src\mame\drivers</Filter>
    </ClCompile>
    <ClCompile Include="..\..\..\..\..\src\mame\drivers\spg2xx_digimake.cpp">
      <Filter>src\mame\drivers</Filter>
    </ClCompile>
    <ClCompile Include="..\..\..\..\..\src\mame\drivers\spg2xx_jakks.cpp">
      <Filter>src\mame\drivers</Filter>
    </ClCompile>
    <ClCompile Include="..\..\..\..\..\src\mame\drivers\spg2xx_jakks_gkr.cpp">
      <Filter>src\mame\drivers</Filter>
    </ClCompile>
    <ClCompile Include="..\..\..\..\..\src\mame\drivers\spg2xx_jakks_sharp.cpp">
      <Filter>src\mame\drivers</Filter>
    </ClCompile>
    <ClCompile Include="..\..\..\..\..\src\mame\drivers\spg2xx_jakks_tvtouch.cpp">
      <Filter>src\mame\drivers</Filter>
    </ClCompile>
    <ClCompile Include="..\..\..\..\..\src\mame\drivers\spg2xx_zone.cpp">
      <Filter>src\mame\drivers</Filter>
    </ClCompile>
    <ClCompile Include="..\..\..\..\..\src\mame\drivers\spg2xx_senca.cpp">
      <Filter>src\mame\drivers</Filter>
    </ClCompile>
    <ClCompile Include="..\..\..\..\..\src\mame\drivers\spg2xx_senario.cpp">
      <Filter>src\mame\drivers</Filter>
    </ClCompile>
    <ClCompile Include="..\..\..\..\..\src\mame\drivers\spg2xx_senario_poker.cpp">
      <Filter>src\mame\drivers</Filter>
    </ClCompile>
    <ClCompile Include="..\..\..\..\..\src\mame\drivers\spg2xx_mysprtch.cpp">
      <Filter>src\mame\drivers</Filter>
    </ClCompile>
    <ClCompile Include="..\..\..\..\..\src\mame\drivers\spg2xx_vii.cpp">
      <Filter>src\mame\drivers</Filter>
    </ClCompile>
    <ClCompile Include="..\..\..\..\..\src\mame\drivers\spg2xx_wiwi.cpp">
      <Filter>src\mame\drivers</Filter>
    </ClCompile>
    <ClCompile Include="..\..\..\..\..\src\mame\drivers\spg2xx_ican.cpp">
      <Filter>src\mame\drivers</Filter>
    </ClCompile>
    <ClCompile Include="..\..\..\..\..\src\mame\drivers\spg2xx_playvision.cpp">
      <Filter>src\mame\drivers</Filter>
    </ClCompile>
    <ClCompile Include="..\..\..\..\..\src\mame\drivers\spg2xx_shredmjr.cpp">
      <Filter>src\mame\drivers</Filter>
    </ClCompile>
    <ClCompile Include="..\..\..\..\..\src\mame\drivers\spg2xx_telestory.cpp">
      <Filter>src\mame\drivers</Filter>
    </ClCompile>
    <ClCompile Include="..\..\..\..\..\src\mame\drivers\spg2xx_tvgogo.cpp">
      <Filter>src\mame\drivers</Filter>
    </ClCompile>
    <ClCompile Include="..\..\..\..\..\src\mame\drivers\spg2xx_pdc.cpp">
      <Filter>src\mame\drivers</Filter>
    </ClCompile>
    <ClCompile Include="..\..\..\..\..\src\mame\drivers\spg2xx_dreamlife.cpp">
      <Filter>src\mame\drivers</Filter>
    </ClCompile>
    <ClCompile Include="..\..\..\..\..\src\mame\drivers\spg2xx_lexibook.cpp">
      <Filter>src\mame\drivers</Filter>
    </ClCompile>
    <ClCompile Include="..\..\..\..\..\src\mame\drivers\spg2xx_smarttv.cpp">
      <Filter>src\mame\drivers</Filter>
    </ClCompile>
    <ClCompile Include="..\..\..\..\..\src\mame\drivers\spg29x.cpp">
      <Filter>src\mame\drivers</Filter>
    </ClCompile>
    <ClCompile Include="..\..\..\..\..\src\mame\machine\hyperscan_card.cpp">
      <Filter>src\mame\machine</Filter>
    </ClCompile>
    <ClCompile Include="..\..\..\..\..\src\mame\machine\hyperscan_ctrl.cpp">
      <Filter>src\mame\machine</Filter>
    </ClCompile>
    <ClCompile Include="..\..\..\..\..\src\mame\drivers\spg29x_lexibook_jg7425.cpp">
      <Filter>src\mame\drivers</Filter>
    </ClCompile>
    <ClCompile Include="..\..\..\..\..\src\mame\drivers\generalplus_gpl16250.cpp">
      <Filter>src\mame\drivers</Filter>
    </ClCompile>
    <ClCompile Include="..\..\..\..\..\src\mame\drivers\generalplus_gpl16250_rom.cpp">
      <Filter>src\mame\drivers</Filter>
    </ClCompile>
    <ClCompile Include="..\..\..\..\..\src\mame\drivers\generalplus_gpl16250_romram.cpp">
      <Filter>src\mame\drivers</Filter>
    </ClCompile>
    <ClCompile Include="..\..\..\..\..\src\mame\drivers\generalplus_gpl16250_nand.cpp">
      <Filter>src\mame\drivers</Filter>
    </ClCompile>
    <ClCompile Include="..\..\..\..\..\src\mame\drivers\generalplus_gpl16250_mobigo.cpp">
      <Filter>src\mame\drivers</Filter>
    </ClCompile>
    <ClCompile Include="..\..\..\..\..\src\mame\drivers\generalplus_gpl16250_spi.cpp">
      <Filter>src\mame\drivers</Filter>
    </ClCompile>
    <ClCompile Include="..\..\..\..\..\src\mame\drivers\generalplus_gpl16250_spi_direct.cpp">
      <Filter>src\mame\drivers</Filter>
    </ClCompile>
    <ClCompile Include="..\..\..\..\..\src\mame\machine\generalplus_gpl16250.cpp">
      <Filter>src\mame\machine</Filter>
    </ClCompile>
    <ClCompile Include="..\..\..\..\..\src\mame\drivers\generalplus_gpl32612.cpp">
      <Filter>src\mame\drivers</Filter>
    </ClCompile>
    <ClCompile Include="..\..\..\..\..\src\mame\drivers\generalplus_gpl162xx_lcdtype.cpp">
      <Filter>src\mame\drivers</Filter>
    </ClCompile>
    <ClCompile Include="..\..\..\..\..\src\mame\drivers\generalplus_gpl_unknown.cpp">
      <Filter>src\mame\drivers</Filter>
    </ClCompile>
    <ClCompile Include="..\..\..\..\..\src\mame\drivers\xavix.cpp">
      <Filter>src\mame\drivers</Filter>
    </ClCompile>
    <ClCompile Include="..\..\..\..\..\src\mame\drivers\xavix_2000.cpp">
      <Filter>src\mame\drivers</Filter>
    </ClCompile>
    <ClCompile Include="..\..\..\..\..\src\mame\drivers\xavix_2002.cpp">
      <Filter>src\mame\drivers</Filter>
    </ClCompile>
    <ClCompile Include="..\..\..\..\..\src\mame\video\xavix.cpp">
      <Filter>src\mame\video</Filter>
    </ClCompile>
    <ClCompile Include="..\..\..\..\..\src\mame\machine\xavix.cpp">
      <Filter>src\mame\machine</Filter>
    </ClCompile>
    <ClCompile Include="..\..\..\..\..\src\mame\audio\xavix.cpp">
      <Filter>src\mame\audio</Filter>
    </ClCompile>
    <ClCompile Include="..\..\..\..\..\src\mame\machine\xavix_mtrk_wheel.cpp">
      <Filter>src\mame\machine</Filter>
    </ClCompile>
    <ClCompile Include="..\..\..\..\..\src\mame\machine\xavix_madfb_ball.cpp">
      <Filter>src\mame\machine</Filter>
    </ClCompile>
    <ClCompile Include="..\..\..\..\..\src\mame\machine\xavix_io.cpp">
      <Filter>src\mame\machine</Filter>
    </ClCompile>
    <ClCompile Include="..\..\..\..\..\src\mame\machine\xavix_adc.cpp">
      <Filter>src\mame\machine</Filter>
    </ClCompile>
    <ClCompile Include="..\..\..\..\..\src\mame\machine\xavix_anport.cpp">
      <Filter>src\mame\machine</Filter>
    </ClCompile>
    <ClCompile Include="..\..\..\..\..\src\mame\machine\xavix_math.cpp">
      <Filter>src\mame\machine</Filter>
    </ClCompile>
    <ClCompile Include="..\..\..\..\..\src\mame\machine\xavix2002_io.cpp">
      <Filter>src\mame\machine</Filter>
    </ClCompile>
    <ClCompile Include="..\..\..\..\..\src\mame\drivers\xavix2.cpp">
      <Filter>src\mame\drivers</Filter>
    </ClCompile>
    <ClCompile Include="..\..\..\..\..\src\mame\drivers\titan_soc.cpp">
      <Filter>src\mame\drivers</Filter>
    </ClCompile>
    <ClCompile Include="..\..\..\..\..\src\mame\drivers\st2302u_bbl_rom.cpp">
      <Filter>src\mame\drivers</Filter>
    </ClCompile>
    <ClCompile Include="..\..\..\..\..\src\mame\drivers\st2302u_bbl_spi.cpp">
      <Filter>src\mame\drivers</Filter>
    </ClCompile>
    <ClCompile Include="..\..\..\..\..\src\mame\video\bl_handhelds_lcdc.cpp">
      <Filter>src\mame\video</Filter>
    </ClCompile>
    <ClCompile Include="..\..\..\..\..\src\mame\drivers\actions_atj2279b.cpp">
      <Filter>src\mame\drivers</Filter>
    </ClCompile>
    <ClCompile Include="..\..\..\..\..\src\mame\drivers\pubint_storyreader.cpp">
      <Filter>src\mame\drivers</Filter>
    </ClCompile>
    <ClCompile Include="..\..\..\..\..\src\mame\drivers\magiceyes_pollux_vr3520f.cpp">
      <Filter>src\mame\drivers</Filter>
    </ClCompile>
    <ClCompile Include="..\..\..\..\..\src\mame\drivers\monkey_king_3b.cpp">
      <Filter>src\mame\drivers</Filter>
    </ClCompile>
  </ItemGroup>
</Project>
